
Microsoft Visual Studio Solution File, Format Version 12.00
# Visual Studio 15
VisualStudioVersion = 15.0.28010.2036
MinimumVisualStudioVersion = 10.0.40219.1
Project("{8BC9CEB8-8B4A-11D0-8D11-00A0C91BC942}") = "BiTree", "BiTree.vcxproj", "{54181FEB-A554-4443-8718-ACF63BC45FF2}"
EndProject
Global
	GlobalSection(SolutionConfigurationPlatforms) = preSolution
		Debug|x64 = Debug|x64
		Debug|x86 = Debug|x86
		Release|x64 = Release|x64
		Release|x86 = Release|x86
	EndGlobalSection
	GlobalSection(ProjectConfigurationPlatforms) = postSolution
		{54181FEB-A554-4443-8718-ACF63BC45FF2}.Debug|x64.ActiveCfg = Debug|x64
		{54181FEB-A554-4443-8718-ACF63BC45FF2}.Debug|x64.Build.0 = Debug|x64
		{54181FEB-A554-4443-8718-ACF63BC45FF2}.Debug|x86.ActiveCfg = Debug|Win32
		{54181FEB-A554-4443-8718-ACF63BC45FF2}.Debug|x86.Build.0 = Debug|Win32
		{54181FEB-A554-4443-8718-ACF63BC45FF2}.Release|x64.ActiveCfg = Release|x64
		{54181FEB-A554-4443-8718-ACF63BC45FF2}.Release|x64.Build.0 = Release|x64
		{54181FEB-A554-4443-8718-ACF63BC45FF2}.Release|x86.ActiveCfg = Release|Win32
		{54181FEB-A554-4443-8718-ACF63BC45FF2}.Release|x86.Build.0 = Release|Win32
	EndGlobalSection
	GlobalSection(SolutionProperties) = preSolution
		HideSolutionNode = FALSE
	EndGlobalSection
	GlobalSection(ExtensibilityGlobals) = postSolution
		SolutionGuid = {9934E12C-2B17-4634-9377-CF832C0AC901}
	EndGlobalSection
EndGlobal
